
Microsoft Visual Studio Solution File, Format Version 12.00
# Visual Studio Version 16
VisualStudioVersion = 16.0.30204.135
MinimumVisualStudioVersion = 10.0.40219.1
Project("{FAE04EC0-301F-11D3-BF4B-00C04F79EFBC}") = "CoverageCompare", "CoverageCompare\CoverageCompare.csproj", "{DD594472-B7A0-404C-AD70-8B0846F13A36}"
EndProject
Project("{FAE04EC0-301F-11D3-BF4B-00C04F79EFBC}") = "Engine", "Engine\Engine.csproj", "{6D3D9BE8-65A7-4E4B-B54F-7327E89E7051}"
EndProject
Project("{FAE04EC0-301F-11D3-BF4B-00C04F79EFBC}") = "Models", "Models\Models.csproj", "{C3068DDE-7F5B-4F7A-AB16-E5AA4A64C1E1}"
EndProject
Global
	GlobalSection(SolutionConfigurationPlatforms) = preSolution
		Debug|Any CPU = Debug|Any CPU
		Release|Any CPU = Release|Any CPU
	EndGlobalSection
	GlobalSection(ProjectConfigurationPlatforms) = postSolution
		{DD594472-B7A0-404C-AD70-8B0846F13A36}.Debug|Any CPU.ActiveCfg = Debug|Any CPU
		{DD594472-B7A0-404C-AD70-8B0846F13A36}.Debug|Any CPU.Build.0 = Debug|Any CPU
		{DD594472-B7A0-404C-AD70-8B0846F13A36}.Release|Any CPU.ActiveCfg = Release|Any CPU
		{DD594472-B7A0-404C-AD70-8B0846F13A36}.Release|Any CPU.Build.0 = Release|Any CPU
		{6D3D9BE8-65A7-4E4B-B54F-7327E89E7051}.Debug|Any CPU.ActiveCfg = Debug|Any CPU
		{6D3D9BE8-65A7-4E4B-B54F-7327E89E7051}.Debug|Any CPU.Build.0 = Debug|Any CPU
		{6D3D9BE8-65A7-4E4B-B54F-7327E89E7051}.Release|Any CPU.ActiveCfg = Release|Any CPU
		{6D3D9BE8-65A7-4E4B-B54F-7327E89E7051}.Release|Any CPU.Build.0 = Release|Any CPU
		{C3068DDE-7F5B-4F7A-AB16-E5AA4A64C1E1}.Debug|Any CPU.ActiveCfg = Debug|Any CPU
		{C3068DDE-7F5B-4F7A-AB16-E5AA4A64C1E1}.Debug|Any CPU.Build.0 = Debug|Any CPU
		{C3068DDE-7F5B-4F7A-AB16-E5AA4A64C1E1}.Release|Any CPU.ActiveCfg = Release|Any CPU
		{C3068DDE-7F5B-4F7A-AB16-E5AA4A64C1E1}.Release|Any CPU.Build.0 = Release|Any CPU
	EndGlobalSection
	GlobalSection(SolutionProperties) = preSolution
		HideSolutionNode = FALSE
	EndGlobalSection
	GlobalSection(ExtensibilityGlobals) = postSolution
		SolutionGuid = {0082254C-4DAD-4298-9367-BFA8F45B8D20}
	EndGlobalSection
EndGlobal
